
Microsoft Visual Studio Solution File, Format Version 12.00
# Visual Studio 15
VisualStudioVersion = 15.0.28307.572
MinimumVisualStudioVersion = 10.0.40219.1
Project("{FAE04EC0-301F-11D3-BF4B-00C04F79EFBC}") = "EncryptionDocx", "EncryptionDocx\EncryptionDocx.csproj", "{601823BD-D2B4-4432-A238-7CD6321829D7}"
EndProject
Global
	GlobalSection(SolutionConfigurationPlatforms) = preSolution
		Debug|Any CPU = Debug|Any CPU
		Release|Any CPU = Release|Any CPU
	EndGlobalSection
	GlobalSection(ProjectConfigurationPlatforms) = postSolution
		{601823BD-D2B4-4432-A238-7CD6321829D7}.Debug|Any CPU.ActiveCfg = Debug|Any CPU
		{601823BD-D2B4-4432-A238-7CD6321829D7}.Debug|Any CPU.Build.0 = Debug|Any CPU
		{601823BD-D2B4-4432-A238-7CD6321829D7}.Release|Any CPU.ActiveCfg = Release|Any CPU
		{601823BD-D2B4-4432-A238-7CD6321829D7}.Release|Any CPU.Build.0 = Release|Any CPU
	EndGlobalSection
	GlobalSection(SolutionProperties) = preSolution
		HideSolutionNode = FALSE
	EndGlobalSection
	GlobalSection(ExtensibilityGlobals) = postSolution
		SolutionGuid = {87C6E1BE-CF15-4F91-BE38-146287D1F386}
	EndGlobalSection
EndGlobal
